
Microsoft Visual Studio Solution File, Format Version 12.00
# Visual Studio Version 17
VisualStudioVersion = 17.1.32421.90
MinimumVisualStudioVersion = 10.0.40219.1
Project("{FAE04EC0-301F-11D3-BF4B-00C04F79EFBC}") = "BlazorShopping", "BlazorShopping.csproj", "{074F0D19-51BC-4B10-8080-30F830890FAE}"
EndProject
Global
	GlobalSection(SolutionConfigurationPlatforms) = preSolution
		Debug|Any CPU = Debug|Any CPU
		Release|Any CPU = Release|Any CPU
	EndGlobalSection
	GlobalSection(ProjectConfigurationPlatforms) = postSolution
		{074F0D19-51BC-4B10-8080-30F830890FAE}.Debug|Any CPU.ActiveCfg = Debug|Any CPU
		{074F0D19-51BC-4B10-8080-30F830890FAE}.Debug|Any CPU.Build.0 = Debug|Any CPU
		{074F0D19-51BC-4B10-8080-30F830890FAE}.Release|Any CPU.ActiveCfg = Release|Any CPU
		{074F0D19-51BC-4B10-8080-30F830890FAE}.Release|Any CPU.Build.0 = Release|Any CPU
	EndGlobalSection
	GlobalSection(SolutionProperties) = preSolution
		HideSolutionNode = FALSE
	EndGlobalSection
	GlobalSection(ExtensibilityGlobals) = postSolution
		SolutionGuid = {C141D791-D5D2-470A-A941-C54E68B13A4A}
	EndGlobalSection
EndGlobal
